
Microsoft Visual Studio Solution File, Format Version 12.00
# Visual Studio Version 17
VisualStudioVersion = 17.7.34024.191
MinimumVisualStudioVersion = 10.0.40219.1
Project("{FAE04EC0-301F-11D3-BF4B-00C04F79EFBC}") = "linear_sorts", "linear_sorts\linear_sorts.csproj", "{95E89712-1C54-42EF-B855-4731767C4C2F}"
EndProject
Global
	GlobalSection(SolutionConfigurationPlatforms) = preSolution
		Debug|Any CPU = Debug|Any CPU
		Release|Any CPU = Release|Any CPU
	EndGlobalSection
	GlobalSection(ProjectConfigurationPlatforms) = postSolution
		{95E89712-1C54-42EF-B855-4731767C4C2F}.Debug|Any CPU.ActiveCfg = Debug|Any CPU
		{95E89712-1C54-42EF-B855-4731767C4C2F}.Debug|Any CPU.Build.0 = Debug|Any CPU
		{95E89712-1C54-42EF-B855-4731767C4C2F}.Release|Any CPU.ActiveCfg = Release|Any CPU
		{95E89712-1C54-42EF-B855-4731767C4C2F}.Release|Any CPU.Build.0 = Release|Any CPU
	EndGlobalSection
	GlobalSection(SolutionProperties) = preSolution
		HideSolutionNode = FALSE
	EndGlobalSection
	GlobalSection(ExtensibilityGlobals) = postSolution
		SolutionGuid = {F7C502E6-6768-41B6-992B-47A86D70723F}
	EndGlobalSection
EndGlobal
